
Microsoft Visual Studio Solution File, Format Version 12.00
# Visual Studio 15
VisualStudioVersion = 15.0.28307.438
MinimumVisualStudioVersion = 10.0.40219.1
Project("{8BC9CEB8-8B4A-11D0-8D11-00A0C91BC942}") = "TreeTest", "TreeTest\TreeTest.vcxproj", "{98060649-BB3B-4A71-9D95-A0E4F301A348}"
EndProject
Project("{8BC9CEB8-8B4A-11D0-8D11-00A0C91BC942}") = "Try-Finally", "Try-Finally\Try-Finally.vcxproj", "{577DFC99-8604-44B9-853F-2F1B14AA3CA9}"
EndProject
Project("{2150E333-8FDC-42A3-9474-1A3956D46DE8}") = "Documents", "Documents", "{04000FAC-C979-4F43-9230-7DBA7A513CED}"
	ProjectSection(SolutionItems) = preProject
		.gitignore = .gitignore
		README.md = README.md
	EndProjectSection
EndProject
Project("{8BC9CEB8-8B4A-11D0-8D11-00A0C91BC942}") = "DebugExample", "DebugExample\DebugExample.vcxproj", "{35C17FCA-0051-4D38-BCD4-9C48600A57A8}"
EndProject
Project("{8BC9CEB8-8B4A-11D0-8D11-00A0C91BC942}") = "DC-Tree", "DC-Tree\DC-Tree.vcxproj", "{1AFC32CE-7DC4-4743-9800-57ECB45A9656}"
EndProject
Project("{8BC9CEB8-8B4A-11D0-8D11-00A0C91BC942}") = "gen-asm", "gen-asm\gen-asm.vcxproj", "{729E9301-7E21-4B48-AF77-15D91213D01E}"
EndProject
Project("{8BC9CEB8-8B4A-11D0-8D11-00A0C91BC942}") = "Fonts", "Fonts\Fonts.vcxproj", "{A8BCB185-22E9-4A67-BFC7-6369C7E55A8D}"
EndProject
Project("{8BC9CEB8-8B4A-11D0-8D11-00A0C91BC942}") = "Thread", "Thread\Thread.vcxproj", "{DB74F6D7-CE12-4944-902E-96CB2E1B131E}"
EndProject
Project("{8BC9CEB8-8B4A-11D0-8D11-00A0C91BC942}") = "Process", "Process\Process.vcxproj", "{54DFD448-B370-46BB-BF3E-760D202BB38D}"
EndProject
Project("{8BC9CEB8-8B4A-11D0-8D11-00A0C91BC942}") = "Fibers", "Fibers\Fibers.vcxproj", "{DC02132A-BDFB-4698-8761-1B170D7D293F}"
EndProject
Project("{8BC9CEB8-8B4A-11D0-8D11-00A0C91BC942}") = "Thread2", "Thread2\Thread2.vcxproj", "{A47B2220-D1C0-4CD0-99E0-389FB91805BF}"
EndProject
Project("{2150E333-8FDC-42A3-9474-1A3956D46DE8}") = "Common", "Common", "{8994599F-6F56-4E68-8F42-6E292534B4FE}"
	ProjectSection(SolutionItems) = preProject
		common\Util.cpp = common\Util.cpp
		common\Util.hpp = common\Util.hpp
	EndProjectSection
EndProject
Global
	GlobalSection(SolutionConfigurationPlatforms) = preSolution
		Debug|x64 = Debug|x64
		Debug|x86 = Debug|x86
		Release|x64 = Release|x64
		Release|x86 = Release|x86
	EndGlobalSection
	GlobalSection(ProjectConfigurationPlatforms) = postSolution
		{98060649-BB3B-4A71-9D95-A0E4F301A348}.Debug|x64.ActiveCfg = Debug|Win32
		{98060649-BB3B-4A71-9D95-A0E4F301A348}.Debug|x64.Build.0 = Debug|Win32
		{98060649-BB3B-4A71-9D95-A0E4F301A348}.Debug|x86.ActiveCfg = Debug|Win32
		{98060649-BB3B-4A71-9D95-A0E4F301A348}.Debug|x86.Build.0 = Debug|Win32
		{98060649-BB3B-4A71-9D95-A0E4F301A348}.Release|x64.ActiveCfg = Release|Win32
		{98060649-BB3B-4A71-9D95-A0E4F301A348}.Release|x86.ActiveCfg = Release|Win32
		{98060649-BB3B-4A71-9D95-A0E4F301A348}.Release|x86.Build.0 = Release|Win32
		{577DFC99-8604-44B9-853F-2F1B14AA3CA9}.Debug|x64.ActiveCfg = Debug|Win32
		{577DFC99-8604-44B9-853F-2F1B14AA3CA9}.Debug|x64.Build.0 = Debug|Win32
		{577DFC99-8604-44B9-853F-2F1B14AA3CA9}.Debug|x86.ActiveCfg = Debug|Win32
		{577DFC99-8604-44B9-853F-2F1B14AA3CA9}.Debug|x86.Build.0 = Debug|Win32
		{577DFC99-8604-44B9-853F-2F1B14AA3CA9}.Release|x64.ActiveCfg = Release|Win32
		{577DFC99-8604-44B9-853F-2F1B14AA3CA9}.Release|x86.ActiveCfg = Release|Win32
		{577DFC99-8604-44B9-853F-2F1B14AA3CA9}.Release|x86.Build.0 = Release|Win32
		{35C17FCA-0051-4D38-BCD4-9C48600A57A8}.Debug|x64.ActiveCfg = Debug|x64
		{35C17FCA-0051-4D38-BCD4-9C48600A57A8}.Debug|x64.Build.0 = Debug|x64
		{35C17FCA-0051-4D38-BCD4-9C48600A57A8}.Debug|x86.ActiveCfg = Debug|Win32
		{35C17FCA-0051-4D38-BCD4-9C48600A57A8}.Debug|x86.Build.0 = Debug|Win32
		{35C17FCA-0051-4D38-BCD4-9C48600A57A8}.Release|x64.ActiveCfg = Release|x64
		{35C17FCA-0051-4D38-BCD4-9C48600A57A8}.Release|x64.Build.0 = Release|x64
		{35C17FCA-0051-4D38-BCD4-9C48600A57A8}.Release|x86.ActiveCfg = Release|Win32
		{35C17FCA-0051-4D38-BCD4-9C48600A57A8}.Release|x86.Build.0 = Release|Win32
		{1AFC32CE-7DC4-4743-9800-57ECB45A9656}.Debug|x64.ActiveCfg = Debug|x64
		{1AFC32CE-7DC4-4743-9800-57ECB45A9656}.Debug|x64.Build.0 = Debug|x64
		{1AFC32CE-7DC4-4743-9800-57ECB45A9656}.Debug|x86.ActiveCfg = Debug|Win32
		{1AFC32CE-7DC4-4743-9800-57ECB45A9656}.Debug|x86.Build.0 = Debug|Win32
		{1AFC32CE-7DC4-4743-9800-57ECB45A9656}.Release|x64.ActiveCfg = Release|x64
		{1AFC32CE-7DC4-4743-9800-57ECB45A9656}.Release|x64.Build.0 = Release|x64
		{1AFC32CE-7DC4-4743-9800-57ECB45A9656}.Release|x86.ActiveCfg = Release|Win32
		{1AFC32CE-7DC4-4743-9800-57ECB45A9656}.Release|x86.Build.0 = Release|Win32
		{729E9301-7E21-4B48-AF77-15D91213D01E}.Debug|x64.ActiveCfg = Debug|x64
		{729E9301-7E21-4B48-AF77-15D91213D01E}.Debug|x64.Build.0 = Debug|x64
		{729E9301-7E21-4B48-AF77-15D91213D01E}.Debug|x86.ActiveCfg = Debug|Win32
		{729E9301-7E21-4B48-AF77-15D91213D01E}.Debug|x86.Build.0 = Debug|Win32
		{729E9301-7E21-4B48-AF77-15D91213D01E}.Release|x64.ActiveCfg = Release|x64
		{729E9301-7E21-4B48-AF77-15D91213D01E}.Release|x64.Build.0 = Release|x64
		{729E9301-7E21-4B48-AF77-15D91213D01E}.Release|x86.ActiveCfg = Release|Win32
		{729E9301-7E21-4B48-AF77-15D91213D01E}.Release|x86.Build.0 = Release|Win32
		{A8BCB185-22E9-4A67-BFC7-6369C7E55A8D}.Debug|x64.ActiveCfg = Debug|x64
		{A8BCB185-22E9-4A67-BFC7-6369C7E55A8D}.Debug|x64.Build.0 = Debug|x64
		{A8BCB185-22E9-4A67-BFC7-6369C7E55A8D}.Debug|x86.ActiveCfg = Debug|Win32
		{A8BCB185-22E9-4A67-BFC7-6369C7E55A8D}.Debug|x86.Build.0 = Debug|Win32
		{A8BCB185-22E9-4A67-BFC7-6369C7E55A8D}.Release|x64.ActiveCfg = Release|x64
		{A8BCB185-22E9-4A67-BFC7-6369C7E55A8D}.Release|x64.Build.0 = Release|x64
		{A8BCB185-22E9-4A67-BFC7-6369C7E55A8D}.Release|x86.ActiveCfg = Release|Win32
		{A8BCB185-22E9-4A67-BFC7-6369C7E55A8D}.Release|x86.Build.0 = Release|Win32
		{DB74F6D7-CE12-4944-902E-96CB2E1B131E}.Debug|x64.ActiveCfg = Debug|x64
		{DB74F6D7-CE12-4944-902E-96CB2E1B131E}.Debug|x64.Build.0 = Debug|x64
		{DB74F6D7-CE12-4944-902E-96CB2E1B131E}.Debug|x86.ActiveCfg = Debug|Win32
		{DB74F6D7-CE12-4944-902E-96CB2E1B131E}.Debug|x86.Build.0 = Debug|Win32
		{DB74F6D7-CE12-4944-902E-96CB2E1B131E}.Release|x64.ActiveCfg = Release|x64
		{DB74F6D7-CE12-4944-902E-96CB2E1B131E}.Release|x64.Build.0 = Release|x64
		{DB74F6D7-CE12-4944-902E-96CB2E1B131E}.Release|x86.ActiveCfg = Release|Win32
		{DB74F6D7-CE12-4944-902E-96CB2E1B131E}.Release|x86.Build.0 = Release|Win32
		{54DFD448-B370-46BB-BF3E-760D202BB38D}.Debug|x64.ActiveCfg = Debug|x64
		{54DFD448-B370-46BB-BF3E-760D202BB38D}.Debug|x64.Build.0 = Debug|x64
		{54DFD448-B370-46BB-BF3E-760D202BB38D}.Debug|x86.ActiveCfg = Debug|Win32
		{54DFD448-B370-46BB-BF3E-760D202BB38D}.Debug|x86.Build.0 = Debug|Win32
		{54DFD448-B370-46BB-BF3E-760D202BB38D}.Release|x64.ActiveCfg = Release|x64
		{54DFD448-B370-46BB-BF3E-760D202BB38D}.Release|x64.Build.0 = Release|x64
		{54DFD448-B370-46BB-BF3E-760D202BB38D}.Release|x86.ActiveCfg = Release|Win32
		{54DFD448-B370-46BB-BF3E-760D202BB38D}.Release|x86.Build.0 = Release|Win32
		{DC02132A-BDFB-4698-8761-1B170D7D293F}.Debug|x64.ActiveCfg = Debug|Win32
		{DC02132A-BDFB-4698-8761-1B170D7D293F}.Debug|x64.Build.0 = Debug|Win32
		{DC02132A-BDFB-4698-8761-1B170D7D293F}.Debug|x86.ActiveCfg = Debug|Win32
		{DC02132A-BDFB-4698-8761-1B170D7D293F}.Debug|x86.Build.0 = Debug|Win32
		{DC02132A-BDFB-4698-8761-1B170D7D293F}.Release|x64.ActiveCfg = Release|Win32
		{DC02132A-BDFB-4698-8761-1B170D7D293F}.Release|x86.ActiveCfg = Release|Win32
		{DC02132A-BDFB-4698-8761-1B170D7D293F}.Release|x86.Build.0 = Release|Win32
		{A47B2220-D1C0-4CD0-99E0-389FB91805BF}.Debug|x64.ActiveCfg = Debug|Win32
		{A47B2220-D1C0-4CD0-99E0-389FB91805BF}.Debug|x64.Build.0 = Debug|Win32
		{A47B2220-D1C0-4CD0-99E0-389FB91805BF}.Debug|x86.ActiveCfg = Debug|Win32
		{A47B2220-D1C0-4CD0-99E0-389FB91805BF}.Debug|x86.Build.0 = Debug|Win32
		{A47B2220-D1C0-4CD0-99E0-389FB91805BF}.Release|x64.ActiveCfg = Release|Win32
		{A47B2220-D1C0-4CD0-99E0-389FB91805BF}.Release|x86.ActiveCfg = Release|Win32
		{A47B2220-D1C0-4CD0-99E0-389FB91805BF}.Release|x86.Build.0 = Release|Win32
	EndGlobalSection
	GlobalSection(SolutionProperties) = preSolution
		HideSolutionNode = FALSE
	EndGlobalSection
	GlobalSection(ExtensibilityGlobals) = postSolution
		SolutionGuid = {E44536EE-FC48-4189-AF1A-76929D1B78EB}
	EndGlobalSection
EndGlobal
